
Microsoft Visual Studio Solution File, Format Version 12.00
# Visual Studio Version 17
VisualStudioVersion = 17.7.34202.233
MinimumVisualStudioVersion = 10.0.40219.1
Project("{FAE04EC0-301F-11D3-BF4B-00C04F79EFBC}") = "PatronDecorator", "PatronDecorator\PatronDecorator.csproj", "{280DFF2C-59EC-4BCC-8CB8-6EAC150A5B64}"
EndProject
Global
	GlobalSection(SolutionConfigurationPlatforms) = preSolution
		Debug|Any CPU = Debug|Any CPU
		Release|Any CPU = Release|Any CPU
	EndGlobalSection
	GlobalSection(ProjectConfigurationPlatforms) = postSolution
		{280DFF2C-59EC-4BCC-8CB8-6EAC150A5B64}.Debug|Any CPU.ActiveCfg = Debug|Any CPU
		{280DFF2C-59EC-4BCC-8CB8-6EAC150A5B64}.Debug|Any CPU.Build.0 = Debug|Any CPU
		{280DFF2C-59EC-4BCC-8CB8-6EAC150A5B64}.Release|Any CPU.ActiveCfg = Release|Any CPU
		{280DFF2C-59EC-4BCC-8CB8-6EAC150A5B64}.Release|Any CPU.Build.0 = Release|Any CPU
	EndGlobalSection
	GlobalSection(SolutionProperties) = preSolution
		HideSolutionNode = FALSE
	EndGlobalSection
	GlobalSection(ExtensibilityGlobals) = postSolution
		SolutionGuid = {3BD44C5F-A5D8-4A2C-9BB2-1968C2111A72}
	EndGlobalSection
EndGlobal
